github.com/yogaap24/belajar-go-modules v1.0.0 h1:ovRs1XUUNCUSyiBAxFjr1WLE6zhaMWOUPVyrhsajbkA=
github.com/yogaap24/belajar-go-modules v1.0.0/go.mod h1:H8xqhM2no6a2/L4tTTaf1ZJtTha/95r+1COQdrJnc0M=
github.com/yogaap24/belajar-go-modules v1.0.1 h1:ewpHNuk3+lHVuPt8DxIhAnTHRhgnfDDfr4mNirNvet4=
github.com/yogaap24/belajar-go-modules v1.0.1/go.mod h1:H8xqhM2no6a2/L4tTTaf1ZJtTha/95r+1COQdrJnc0M=
